
Microsoft Visual Studio Solution File, Format Version 12.00
# Visual Studio Version 17
VisualStudioVersion = 17.5.33424.131
MinimumVisualStudioVersion = 10.0.40219.1
Project("{FAE04EC0-301F-11D3-BF4B-00C04F79EFBC}") = "ConsoleApp1", "ConsoleApp1\ConsoleApp1.csproj", "{42DF63DD-6CE1-424A-AE50-0AA1F0FA9965}"
EndProject
Project("{FAE04EC0-301F-11D3-BF4B-00C04F79EFBC}") = "ConsoleApp2", "ConsoleApp2\ConsoleApp2.csproj", "{5CE79B44-973A-4180-AE97-C77D6624A683}"
EndProject
Project("{FAE04EC0-301F-11D3-BF4B-00C04F79EFBC}") = "WorkerService1", "WorkerService1\WorkerService1.csproj", "{F7E4B603-CB7A-47DB-A9BC-A09C7A29763E}"
EndProject
Global
	GlobalSection(SolutionConfigurationPlatforms) = preSolution
		Debug|Any CPU = Debug|Any CPU
		Release|Any CPU = Release|Any CPU
	EndGlobalSection
	GlobalSection(ProjectConfigurationPlatforms) = postSolution
		{42DF63DD-6CE1-424A-AE50-0AA1F0FA9965}.Debug|Any CPU.ActiveCfg = Debug|Any CPU
		{42DF63DD-6CE1-424A-AE50-0AA1F0FA9965}.Debug|Any CPU.Build.0 = Debug|Any CPU
		{42DF63DD-6CE1-424A-AE50-0AA1F0FA9965}.Release|Any CPU.ActiveCfg = Release|Any CPU
		{42DF63DD-6CE1-424A-AE50-0AA1F0FA9965}.Release|Any CPU.Build.0 = Release|Any CPU
		{5CE79B44-973A-4180-AE97-C77D6624A683}.Debug|Any CPU.ActiveCfg = Debug|Any CPU
		{5CE79B44-973A-4180-AE97-C77D6624A683}.Debug|Any CPU.Build.0 = Debug|Any CPU
		{5CE79B44-973A-4180-AE97-C77D6624A683}.Release|Any CPU.ActiveCfg = Release|Any CPU
		{5CE79B44-973A-4180-AE97-C77D6624A683}.Release|Any CPU.Build.0 = Release|Any CPU
		{F7E4B603-CB7A-47DB-A9BC-A09C7A29763E}.Debug|Any CPU.ActiveCfg = Debug|Any CPU
		{F7E4B603-CB7A-47DB-A9BC-A09C7A29763E}.Debug|Any CPU.Build.0 = Debug|Any CPU
		{F7E4B603-CB7A-47DB-A9BC-A09C7A29763E}.Release|Any CPU.ActiveCfg = Release|Any CPU
		{F7E4B603-CB7A-47DB-A9BC-A09C7A29763E}.Release|Any CPU.Build.0 = Release|Any CPU
	EndGlobalSection
	GlobalSection(SolutionProperties) = preSolution
		HideSolutionNode = FALSE
	EndGlobalSection
	GlobalSection(ExtensibilityGlobals) = postSolution
		SolutionGuid = {355BFCC9-608F-4C26-91FB-49E8A7589E8F}
	EndGlobalSection
EndGlobal
